// !$*UTF8*$!
{
	archiveVersion = 1;
	classes = {
	};
	objectVersion = 50;
	objects = {

/* Begin PBXBuildFile section */
		AA209E2F254387BB007F8936 /* UltimatePortfolioApp.swift in Sources */ = {isa = PBXBuildFile; fileRef = AA209E2E254387BB007F8936 /* UltimatePortfolioApp.swift */; };
		AA209E31254387BB007F8936 /* ContentView.swift in Sources */ = {isa = PBXBuildFile; fileRef = AA209E30254387BB007F8936 /* ContentView.swift */; };
		AA209E33254387BD007F8936 /* Assets.xcassets in Resources */ = {isa = PBXBuildFile; fileRef = AA209E32254387BD007F8936 /* Assets.xcassets */; };
		AA209E36254387BD007F8936 /* Preview Assets.xcassets in Resources */ = {isa = PBXBuildFile; fileRef = AA209E35254387BD007F8936 /* Preview Assets.xcassets */; };
		AA209E402549E485007F8936 /* Main.xcdatamodeld in Sources */ = {isa = PBXBuildFile; fileRef = AA209E3E2549E485007F8936 /* Main.xcdatamodeld */; };
		AA209E432549E7AA007F8936 /* DataController.swift in Sources */ = {isa = PBXBuildFile; fileRef = AA209E422549E7AA007F8936 /* DataController.swift */; };
		AA209E4A2549F032007F8936 /* CloudKit.framework in Frameworks */ = {isa = PBXBuildFile; fileRef = AA209E492549F032007F8936 /* CloudKit.framework */; };
		AA209E4D2549F392007F8936 /* HomeView.swift in Sources */ = {isa = PBXBuildFile; fileRef = AA209E4C2549F392007F8936 /* HomeView.swift */; };
		AA209E502549F471007F8936 /* ProjectsView.swift in Sources */ = {isa = PBXBuildFile; fileRef = AA209E4F2549F471007F8936 /* ProjectsView.swift */; };
		AA209E53254AF8DC007F8936 /* Item-CoreDataHelpers.swift in Sources */ = {isa = PBXBuildFile; fileRef = AA209E52254AF8DC007F8936 /* Item-CoreDataHelpers.swift */; };
		AA209E56254AFADC007F8936 /* Project-CoreDataHelpers.swift in Sources */ = {isa = PBXBuildFile; fileRef = AA209E55254AFADC007F8936 /* Project-CoreDataHelpers.swift */; };
		AA209E5A254C5914007F8936 /* EditItemView.swift in Sources */ = {isa = PBXBuildFile; fileRef = AA209E59254C5914007F8936 /* EditItemView.swift */; };
		AA209E5D254C5FC7007F8936 /* ItemRowView.swift in Sources */ = {isa = PBXBuildFile; fileRef = AA209E5C254C5FC7007F8936 /* ItemRowView.swift */; };
		AA209E60254C6297007F8936 /* Binding-OnChange.swift in Sources */ = {isa = PBXBuildFile; fileRef = AA209E5F254C6297007F8936 /* Binding-OnChange.swift */; };
		AA209E63254C6C28007F8936 /* ProjectHeaderView.swift in Sources */ = {isa = PBXBuildFile; fileRef = AA209E62254C6C28007F8936 /* ProjectHeaderView.swift */; };
		AA209E66254C7145007F8936 /* Colors.xcassets in Resources */ = {isa = PBXBuildFile; fileRef = AA209E65254C7145007F8936 /* Colors.xcassets */; };
		AA209E8F254C7535007F8936 /* EditProjectView.swift in Sources */ = {isa = PBXBuildFile; fileRef = AA209E8E254C7535007F8936 /* EditProjectView.swift */; };
/* End PBXBuildFile section */

/* Begin PBXFileReference section */
		AA209E2B254387BA007F8936 /* UltimatePortfolio.app */ = {isa = PBXFileReference; explicitFileType = wrapper.application; includeInIndex = 0; path = UltimatePortfolio.app; sourceTree = BUILT_PRODUCTS_DIR; };
		AA209E2E254387BB007F8936 /* UltimatePortfolioApp.swift */ = {isa = PBXFileReference; lastKnownFileType = sourcecode.swift; path = UltimatePortfolioApp.swift; sourceTree = "<group>"; };
		AA209E30254387BB007F8936 /* ContentView.swift */ = {isa = PBXFileReference; lastKnownFileType = sourcecode.swift; path = ContentView.swift; sourceTree = "<group>"; };
		AA209E32254387BD007F8936 /* Assets.xcassets */ = {isa = PBXFileReference; lastKnownFileType = folder.assetcatalog; path = Assets.xcassets; sourceTree = "<group>"; };
		AA209E35254387BD007F8936 /* Preview Assets.xcassets */ = {isa = PBXFileReference; lastKnownFileType = folder.assetcatalog; path = "Preview Assets.xcassets"; sourceTree = "<group>"; };
		AA209E37254387BD007F8936 /* Info.plist */ = {isa = PBXFileReference; lastKnownFileType = text.plist.xml; path = Info.plist; sourceTree = "<group>"; };
		AA209E3F2549E485007F8936 /* Main.xcdatamodel */ = {isa = PBXFileReference; lastKnownFileType = wrapper.xcdatamodel; path = Main.xcdatamodel; sourceTree = "<group>"; };
		AA209E422549E7AA007F8936 /* DataController.swift */ = {isa = PBXFileReference; lastKnownFileType = sourcecode.swift; path = DataController.swift; sourceTree = "<group>"; };
		AA209E462549F02B007F8936 /* UltimatePortfolio.entitlements */ = {isa = PBXFileReference; lastKnownFileType = text.plist.entitlements; path = UltimatePortfolio.entitlements; sourceTree = "<group>"; };
		AA209E492549F032007F8936 /* CloudKit.framework */ = {isa = PBXFileReference; lastKnownFileType = wrapper.framework; name = CloudKit.framework; path = System/Library/Frameworks/CloudKit.framework; sourceTree = SDKROOT; };
		AA209E4C2549F392007F8936 /* HomeView.swift */ = {isa = PBXFileReference; lastKnownFileType = sourcecode.swift; path = HomeView.swift; sourceTree = "<group>"; };
		AA209E4F2549F471007F8936 /* ProjectsView.swift */ = {isa = PBXFileReference; lastKnownFileType = sourcecode.swift; path = ProjectsView.swift; sourceTree = "<group>"; };
		AA209E52254AF8DC007F8936 /* Item-CoreDataHelpers.swift */ = {isa = PBXFileReference; lastKnownFileType = sourcecode.swift; path = "Item-CoreDataHelpers.swift"; sourceTree = "<group>"; };
		AA209E55254AFADC007F8936 /* Project-CoreDataHelpers.swift */ = {isa = PBXFileReference; lastKnownFileType = sourcecode.swift; path = "Project-CoreDataHelpers.swift"; sourceTree = "<group>"; };
		AA209E59254C5914007F8936 /* EditItemView.swift */ = {isa = PBXFileReference; lastKnownFileType = sourcecode.swift; path = EditItemView.swift; sourceTree = "<group>"; };
		AA209E5C254C5FC7007F8936 /* ItemRowView.swift */ = {isa = PBXFileReference; lastKnownFileType = sourcecode.swift; path = ItemRowView.swift; sourceTree = "<group>"; };
		AA209E5F254C6297007F8936 /* Binding-OnChange.swift */ = {isa = PBXFileReference; lastKnownFileType = sourcecode.swift; path = "Binding-OnChange.swift"; sourceTree = "<group>"; };
		AA209E62254C6C28007F8936 /* ProjectHeaderView.swift */ = {isa = PBXFileReference; lastKnownFileType = sourcecode.swift; path = ProjectHeaderView.swift; sourceTree = "<group>"; };
		AA209E65254C7145007F8936 /* Colors.xcassets */ = {isa = PBXFileReference; lastKnownFileType = folder.assetcatalog; path = Colors.xcassets; sourceTree = "<group>"; };
		AA209E8E254C7535007F8936 /* EditProjectView.swift */ = {isa = PBXFileReference; lastKnownFileType = sourcecode.swift; path = EditProjectView.swift; sourceTree = "<group>"; };
/* End PBXFileReference section */

/* Begin PBXFrameworksBuildPhase section */
		AA209E28254387BA007F8936 /* Frameworks */ = {
			isa = PBXFrameworksBuildPhase;
			buildActionMask = 2147483647;
			files = (
				AA209E4A2549F032007F8936 /* CloudKit.framework in Frameworks */,
			);
			runOnlyForDeploymentPostprocessing = 0;
		};
/* End PBXFrameworksBuildPhase section */

/* Begin PBXGroup section */
		AA209E22254387BA007F8936 = {
			isa = PBXGroup;
			children = (
				AA209E2D254387BA007F8936 /* UltimatePortfolio */,
				AA209E2C254387BA007F8936 /* Products */,
				AA209E482549F032007F8936 /* Frameworks */,
			);
			sourceTree = "<group>";
		};
		AA209E2C254387BA007F8936 /* Products */ = {
			isa = PBXGroup;
			children = (
				AA209E2B254387BA007F8936 /* UltimatePortfolio.app */,
			);
			name = Products;
			sourceTree = "<group>";
		};
		AA209E2D254387BA007F8936 /* UltimatePortfolio */ = {
			isa = PBXGroup;
			children = (
				AA209E462549F02B007F8936 /* UltimatePortfolio.entitlements */,
				AA209E2E254387BB007F8936 /* UltimatePortfolioApp.swift */,
				AA209E30254387BB007F8936 /* ContentView.swift */,
				AA209E59254C5914007F8936 /* EditItemView.swift */,
				AA209E5F254C6297007F8936 /* Binding-OnChange.swift */,
				AA209E4C2549F392007F8936 /* HomeView.swift */,
				AA209E4F2549F471007F8936 /* ProjectsView.swift */,
				AA209E62254C6C28007F8936 /* ProjectHeaderView.swift */,
				AA209E8E254C7535007F8936 /* EditProjectView.swift */,
				AA209E5C254C5FC7007F8936 /* ItemRowView.swift */,
				AA209E3E2549E485007F8936 /* Main.xcdatamodeld */,
				AA209E65254C7145007F8936 /* Colors.xcassets */,
				AA209E52254AF8DC007F8936 /* Item-CoreDataHelpers.swift */,
				AA209E55254AFADC007F8936 /* Project-CoreDataHelpers.swift */,
				AA209E422549E7AA007F8936 /* DataController.swift */,
				AA209E32254387BD007F8936 /* Assets.xcassets */,
				AA209E37254387BD007F8936 /* Info.plist */,
				AA209E34254387BD007F8936 /* Preview Content */,
			);
			path = UltimatePortfolio;
			sourceTree = "<group>";
		};
		AA209E34254387BD007F8936 /* Preview Content */ = {
			isa = PBXGroup;
			children = (
				AA209E35254387BD007F8936 /* Preview Assets.xcassets */,
			);
			path = "Preview Content";
			sourceTree = "<group>";
		};
		AA209E482549F032007F8936 /* Frameworks */ = {
			isa = PBXGroup;
			children = (
				AA209E492549F032007F8936 /* CloudKit.framework */,
			);
			name = Frameworks;
			sourceTree = "<group>";
		};
/* End PBXGroup section */

/* Begin PBXNativeTarget section */
		AA209E2A254387BA007F8936 /* UltimatePortfolio */ = {
			isa = PBXNativeTarget;
			buildConfigurationList = AA209E3A254387BD007F8936 /* Build configuration list for PBXNativeTarget "UltimatePortfolio" */;
			buildPhases = (
				AA209E27254387BA007F8936 /* Sources */,
				AA209E28254387BA007F8936 /* Frameworks */,
				AA209E29254387BA007F8936 /* Resources */,
			);
			buildRules = (
			);
			dependencies = (
			);
			name = UltimatePortfolio;
			productName = UltimatePortfolio;
			productReference = AA209E2B254387BA007F8936 /* UltimatePortfolio.app */;
			productType = "com.apple.product-type.application";
		};
/* End PBXNativeTarget section */

/* Begin PBXProject section */
		AA209E23254387BA007F8936 /* Project object */ = {
			isa = PBXProject;
			attributes = {
				LastSwiftUpdateCheck = 1210;
				LastUpgradeCheck = 1210;
				TargetAttributes = {
					AA209E2A254387BA007F8936 = {
						CreatedOnToolsVersion = 12.1;
					};
				};
			};
			buildConfigurationList = AA209E26254387BA007F8936 /* Build configuration list for PBXProject "UltimatePortfolio" */;
			compatibilityVersion = "Xcode 9.3";
			developmentRegion = en;
			hasScannedForEncodings = 0;
			knownRegions = (
				en,
				Base,
			);
			mainGroup = AA209E22254387BA007F8936;
			productRefGroup = AA209E2C254387BA007F8936 /* Products */;
			projectDirPath = "";
			projectRoot = "";
			targets = (
				AA209E2A254387BA007F8936 /* UltimatePortfolio */,
			);
		};
/* End PBXProject section */

/* Begin PBXResourcesBuildPhase section */
		AA209E29254387BA007F8936 /* Resources */ = {
			isa = PBXResourcesBuildPhase;
			buildActionMask = 2147483647;
			files = (
				AA209E66254C7145007F8936 /* Colors.xcassets in Resources */,
				AA209E36254387BD007F8936 /* Preview Assets.xcassets in Resources */,
				AA209E33254387BD007F8936 /* Assets.xcassets in Resources */,
			);
			runOnlyForDeploymentPostprocessing = 0;
		};
/* End PBXResourcesBuildPhase section */

/* Begin PBXSourcesBuildPhase section */
		AA209E27254387BA007F8936 /* Sources */ = {
			isa = PBXSourcesBuildPhase;
			buildActionMask = 2147483647;
			files = (
				AA209E502549F471007F8936 /* ProjectsView.swift in Sources */,
				AA209E63254C6C28007F8936 /* ProjectHeaderView.swift in Sources */,
				AA209E402549E485007F8936 /* Main.xcdatamodeld in Sources */,
				AA209E432549E7AA007F8936 /* DataController.swift in Sources */,
				AA209E8F254C7535007F8936 /* EditProjectView.swift in Sources */,
				AA209E31254387BB007F8936 /* ContentView.swift in Sources */,
				AA209E5D254C5FC7007F8936 /* ItemRowView.swift in Sources */,
				AA209E4D2549F392007F8936 /* HomeView.swift in Sources */,
				AA209E60254C6297007F8936 /* Binding-OnChange.swift in Sources */,
				AA209E2F254387BB007F8936 /* UltimatePortfolioApp.swift in Sources */,
				AA209E56254AFADC007F8936 /* Project-CoreDataHelpers.swift in Sources */,
				AA209E53254AF8DC007F8936 /* Item-CoreDataHelpers.swift in Sources */,
				AA209E5A254C5914007F8936 /* EditItemView.swift in Sources */,
			);
			runOnlyForDeploymentPostprocessing = 0;
		};
/* End PBXSourcesBuildPhase section */

/* Begin XCBuildConfiguration section */
		AA209E38254387BD007F8936 /* Debug */ = {
			isa = XCBuildConfiguration;
			buildSettings = {
				ALWAYS_SEARCH_USER_PATHS = NO;
				CLANG_ANALYZER_NONNULL = YES;
				CLANG_ANALYZER_NUMBER_OBJECT_CONVERSION = YES_AGGRESSIVE;
				CLANG_CXX_LANGUAGE_STANDARD = "gnu++14";
				CLANG_CXX_LIBRARY = "libc++";
				CLANG_ENABLE_MODULES = YES;
				CLANG_ENABLE_OBJC_ARC = YES;
				CLANG_ENABLE_OBJC_WEAK = YES;
				CLANG_WARN_BLOCK_CAPTURE_AUTORELEASING = YES;
				CLANG_WARN_BOOL_CONVERSION = YES;
				CLANG_WARN_COMMA = YES;
				CLANG_WARN_CONSTANT_CONVERSION = YES;
				CLANG_WARN_DEPRECATED_OBJC_IMPLEMENTATIONS = YES;
				CLANG_WARN_DIRECT_OBJC_ISA_USAGE = YES_ERROR;
				CLANG_WARN_DOCUMENTATION_COMMENTS = YES;
				CLANG_WARN_EMPTY_BODY = YES;
				CLANG_WARN_ENUM_CONVERSION = YES;
				CLANG_WARN_INFINITE_RECURSION = YES;
				CLANG_WARN_INT_CONVERSION = YES;
				CLANG_WARN_NON_LITERAL_NULL_CONVERSION = YES;
				CLANG_WARN_OBJC_IMPLICIT_RETAIN_SELF = YES;
				CLANG_WARN_OBJC_LITERAL_CONVERSION = YES;
				CLANG_WARN_OBJC_ROOT_CLASS = YES_ERROR;
				CLANG_WARN_QUOTED_INCLUDE_IN_FRAMEWORK_HEADER = YES;
				CLANG_WARN_RANGE_LOOP_ANALYSIS = YES;
				CLANG_WARN_STRICT_PROTOTYPES = YES;
				CLANG_WARN_SUSPICIOUS_MOVE = YES;
				CLANG_WARN_UNGUARDED_AVAILABILITY = YES_AGGRESSIVE;
				CLANG_WARN_UNREACHABLE_CODE = YES;
				CLANG_WARN__DUPLICATE_METHOD_MATCH = YES;
				COPY_PHASE_STRIP = NO;
				DEBUG_INFORMATION_FORMAT = dwarf;
				ENABLE_STRICT_OBJC_MSGSEND = YES;
				ENABLE_TESTABILITY = YES;
				GCC_C_LANGUAGE_STANDARD = gnu11;
				GCC_DYNAMIC_NO_PIC = NO;
				GCC_NO_COMMON_BLOCKS = YES;
				GCC_OPTIMIZATION_LEVEL = 0;
				GCC_PREPROCESSOR_DEFINITIONS = (
					"DEBUG=1",
					"$(inherited)",
				);
				GCC_WARN_64_TO_32_BIT_CONVERSION = YES;
				GCC_WARN_ABOUT_RETURN_TYPE = YES_ERROR;
				GCC_WARN_UNDECLARED_SELECTOR = YES;
				GCC_WARN_UNINITIALIZED_AUTOS = YES_AGGRESSIVE;
				GCC_WARN_UNUSED_FUNCTION = YES;
				GCC_WARN_UNUSED_VARIABLE = YES;
				IPHONEOS_DEPLOYMENT_TARGET = 14.1;
				MTL_ENABLE_DEBUG_INFO = INCLUDE_SOURCE;
				MTL_FAST_MATH = YES;
				ONLY_ACTIVE_ARCH = YES;
				SDKROOT = iphoneos;
				SWIFT_ACTIVE_COMPILATION_CONDITIONS = DEBUG;
				SWIFT_OPTIMIZATION_LEVEL = "-Onone";
			};
			name = Debug;
		};
		AA209E39254387BD007F8936 /* Release */ = {
			isa = XCBuildConfiguration;
			buildSettings = {
				ALWAYS_SEARCH_USER_PATHS = NO;
				CLANG_ANALYZER_NONNULL = YES;
				CLANG_ANALYZER_NUMBER_OBJECT_CONVERSION = YES_AGGRESSIVE;
				CLANG_CXX_LANGUAGE_STANDARD = "gnu++14";
				CLANG_CXX_LIBRARY = "libc++";
				CLANG_ENABLE_MODULES = YES;
				CLANG_ENABLE_OBJC_ARC = YES;
				CLANG_ENABLE_OBJC_WEAK = YES;
				CLANG_WARN_BLOCK_CAPTURE_AUTORELEASING = YES;
				CLANG_WARN_BOOL_CONVERSION = YES;
				CLANG_WARN_COMMA = YES;
				CLANG_WARN_CONSTANT_CONVERSION = YES;
				CLANG_WARN_DEPRECATED_OBJC_IMPLEMENTATIONS = YES;
				CLANG_WARN_DIRECT_OBJC_ISA_USAGE = YES_ERROR;
				CLANG_WARN_DOCUMENTATION_COMMENTS = YES;
				CLANG_WARN_EMPTY_BODY = YES;
				CLANG_WARN_ENUM_CONVERSION = YES;
				CLANG_WARN_INFINITE_RECURSION = YES;
				CLANG_WARN_INT_CONVERSION = YES;
				CLANG_WARN_NON_LITERAL_NULL_CONVERSION = YES;
				CLANG_WARN_OBJC_IMPLICIT_RETAIN_SELF = YES;
				CLANG_WARN_OBJC_LITERAL_CONVERSION = YES;
				CLANG_WARN_OBJC_ROOT_CLASS = YES_ERROR;
				CLANG_WARN_QUOTED_INCLUDE_IN_FRAMEWORK_HEADER = YES;
				CLANG_WARN_RANGE_LOOP_ANALYSIS = YES;
				CLANG_WARN_STRICT_PROTOTYPES = YES;
				CLANG_WARN_SUSPICIOUS_MOVE = YES;
				CLANG_WARN_UNGUARDED_AVAILABILITY = YES_AGGRESSIVE;
				CLANG_WARN_UNREACHABLE_CODE = YES;
				CLANG_WARN__DUPLICATE_METHOD_MATCH = YES;
				COPY_PHASE_STRIP = NO;
				DEBUG_INFORMATION_FORMAT = "dwarf-with-dsym";
				ENABLE_NS_ASSERTIONS = NO;
				ENABLE_STRICT_OBJC_MSGSEND = YES;
				GCC_C_LANGUAGE_STANDARD = gnu11;
				GCC_NO_COMMON_BLOCKS = YES;
				GCC_WARN_64_TO_32_BIT_CONVERSION = YES;
				GCC_WARN_ABOUT_RETURN_TYPE = YES_ERROR;
				GCC_WARN_UNDECLARED_SELECTOR = YES;
				GCC_WARN_UNINITIALIZED_AUTOS = YES_AGGRESSIVE;
				GCC_WARN_UNUSED_FUNCTION = YES;
				GCC_WARN_UNUSED_VARIABLE = YES;
				IPHONEOS_DEPLOYMENT_TARGET = 14.1;
				MTL_ENABLE_DEBUG_INFO = NO;
				MTL_FAST_MATH = YES;
				SDKROOT = iphoneos;
				SWIFT_COMPILATION_MODE = wholemodule;
				SWIFT_OPTIMIZATION_LEVEL = "-O";
				VALIDATE_PRODUCT = YES;
			};
			name = Release;
		};
		AA209E3B254387BD007F8936 /* Debug */ = {
			isa = XCBuildConfiguration;
			buildSettings = {
				ASSETCATALOG_COMPILER_APPICON_NAME = AppIcon;
				ASSETCATALOG_COMPILER_GLOBAL_ACCENT_COLOR_NAME = AccentColor;
				CODE_SIGN_ENTITLEMENTS = UltimatePortfolio/UltimatePortfolio.entitlements;
				CODE_SIGN_STYLE = Automatic;
				DEVELOPMENT_ASSET_PATHS = "\"UltimatePortfolio/Preview Content\"";
				DEVELOPMENT_TEAM = NQX9DUY3EL;
				ENABLE_PREVIEWS = YES;
				INFOPLIST_FILE = UltimatePortfolio/Info.plist;
				IPHONEOS_DEPLOYMENT_TARGET = 14.0;
				LD_RUNPATH_SEARCH_PATHS = (
					"$(inherited)",
					"@executable_path/Frameworks",
				);
				PRODUCT_BUNDLE_IDENTIFIER = "steve-webber.com.UltimatePortfolio";
				PRODUCT_NAME = "$(TARGET_NAME)";
				SWIFT_VERSION = 5.0;
				TARGETED_DEVICE_FAMILY = "1,2";
			};
			name = Debug;
		};
		AA209E3C254387BD007F8936 /* Release */ = {
			isa = XCBuildConfiguration;
			buildSettings = {
				ASSETCATALOG_COMPILER_APPICON_NAME = AppIcon;
				ASSETCATALOG_COMPILER_GLOBAL_ACCENT_COLOR_NAME = AccentColor;
				CODE_SIGN_ENTITLEMENTS = UltimatePortfolio/UltimatePortfolio.entitlements;
				CODE_SIGN_STYLE = Automatic;
				DEVELOPMENT_ASSET_PATHS = "\"UltimatePortfolio/Preview Content\"";
				DEVELOPMENT_TEAM = NQX9DUY3EL;
				ENABLE_PREVIEWS = YES;
				INFOPLIST_FILE = UltimatePortfolio/Info.plist;
				IPHONEOS_DEPLOYMENT_TARGET = 14.0;
				LD_RUNPATH_SEARCH_PATHS = (
					"$(inherited)",
					"@executable_path/Frameworks",
				);
				PRODUCT_BUNDLE_IDENTIFIER = "steve-webber.com.UltimatePortfolio";
				PRODUCT_NAME = "$(TARGET_NAME)";
				SWIFT_VERSION = 5.0;
				TARGETED_DEVICE_FAMILY = "1,2";
			};
			name = Release;
		};
/* End XCBuildConfiguration section */

/* Begin XCConfigurationList section */
		AA209E26254387BA007F8936 /* Build configuration list for PBXProject "UltimatePortfolio" */ = {
			isa = XCConfigurationList;
			buildConfigurations = (
				AA209E38254387BD007F8936 /* Debug */,
				AA209E39254387BD007F8936 /* Release */,
			);
			defaultConfigurationIsVisible = 0;
			defaultConfigurationName = Release;
		};
		AA209E3A254387BD007F8936 /* Build configuration list for PBXNativeTarget "UltimatePortfolio" */ = {
			isa = XCConfigurationList;
			buildConfigurations = (
				AA209E3B254387BD007F8936 /* Debug */,
				AA209E3C254387BD007F8936 /* Release */,
			);
			defaultConfigurationIsVisible = 0;
			defaultConfigurationName = Release;
		};
/* End XCConfigurationList section */

/* Begin XCVersionGroup section */
		AA209E3E2549E485007F8936 /* Main.xcdatamodeld */ = {
			isa = XCVersionGroup;
			children = (
				AA209E3F2549E485007F8936 /* Main.xcdatamodel */,
			);
			currentVersion = AA209E3F2549E485007F8936 /* Main.xcdatamodel */;
			path = Main.xcdatamodeld;
			sourceTree = "<group>";
			versionGroupType = wrapper.xcdatamodel;
		};
/* End XCVersionGroup section */
	};
	rootObject = AA209E23254387BA007F8936 /* Project object */;
}
